
Microsoft Visual Studio Solution File, Format Version 12.00
# Visual Studio Version 17
VisualStudioVersion = 17.0.31903.59
MinimumVisualStudioVersion = 10.0.40219.1
Project("{FAE04EC0-301F-11D3-BF4B-00C04F79EFBC}") = "Api", "Api\Api.csproj", "{789D829E-97B6-4067-9179-47B69B22AC1E}"
EndProject
Project("{FAE04EC0-301F-11D3-BF4B-00C04F79EFBC}") = "Domain", "Domain\Domain.csproj", "{B4906279-CD43-4EE5-B39A-205B551750E4}"
EndProject
Project("{FAE04EC0-301F-11D3-BF4B-00C04F79EFBC}") = "Infrastructure", "Infrastructure\Infrastructure.csproj", "{3C9FA1BD-B52E-4916-AB74-7A7B66F64965}"
EndProject
Project("{FAE04EC0-301F-11D3-BF4B-00C04F79EFBC}") = "UnitTests", "UnitTests\UnitTests.csproj", "{5E75F2A8-7CEF-4118-BDD6-9597414A53F5}"
EndProject
Global
	GlobalSection(SolutionConfigurationPlatforms) = preSolution
		Debug|Any CPU = Debug|Any CPU
		Release|Any CPU = Release|Any CPU
	EndGlobalSection
	GlobalSection(SolutionProperties) = preSolution
		HideSolutionNode = FALSE
	EndGlobalSection
	GlobalSection(ProjectConfigurationPlatforms) = postSolution
		{789D829E-97B6-4067-9179-47B69B22AC1E}.Debug|Any CPU.ActiveCfg = Debug|Any CPU
		{789D829E-97B6-4067-9179-47B69B22AC1E}.Debug|Any CPU.Build.0 = Debug|Any CPU
		{789D829E-97B6-4067-9179-47B69B22AC1E}.Release|Any CPU.ActiveCfg = Release|Any CPU
		{789D829E-97B6-4067-9179-47B69B22AC1E}.Release|Any CPU.Build.0 = Release|Any CPU
		{B4906279-CD43-4EE5-B39A-205B551750E4}.Debug|Any CPU.ActiveCfg = Debug|Any CPU
		{B4906279-CD43-4EE5-B39A-205B551750E4}.Debug|Any CPU.Build.0 = Debug|Any CPU
		{B4906279-CD43-4EE5-B39A-205B551750E4}.Release|Any CPU.ActiveCfg = Release|Any CPU
		{B4906279-CD43-4EE5-B39A-205B551750E4}.Release|Any CPU.Build.0 = Release|Any CPU
		{3C9FA1BD-B52E-4916-AB74-7A7B66F64965}.Debug|Any CPU.ActiveCfg = Debug|Any CPU
		{3C9FA1BD-B52E-4916-AB74-7A7B66F64965}.Debug|Any CPU.Build.0 = Debug|Any CPU
		{3C9FA1BD-B52E-4916-AB74-7A7B66F64965}.Release|Any CPU.ActiveCfg = Release|Any CPU
		{3C9FA1BD-B52E-4916-AB74-7A7B66F64965}.Release|Any CPU.Build.0 = Release|Any CPU
		{5E75F2A8-7CEF-4118-BDD6-9597414A53F5}.Debug|Any CPU.ActiveCfg = Debug|Any CPU
		{5E75F2A8-7CEF-4118-BDD6-9597414A53F5}.Debug|Any CPU.Build.0 = Debug|Any CPU
		{5E75F2A8-7CEF-4118-BDD6-9597414A53F5}.Release|Any CPU.ActiveCfg = Release|Any CPU
		{5E75F2A8-7CEF-4118-BDD6-9597414A53F5}.Release|Any CPU.Build.0 = Release|Any CPU
	EndGlobalSection
EndGlobal
